// !$*UTF8*$!
{
	archiveVersion = 1;
	classes = {
	};
	objectVersion = 48;
	objects = {

/* Begin PBXBuildFile section */
		E819FBF82042559700F00E4A /* DayPlannerKit.framework in Frameworks */ = {isa = PBXBuildFile; fileRef = E819FBEE2042559700F00E4A /* DayPlannerKit.framework */; };
		E819FBFD2042559700F00E4A /* DayPlannerKitTests.swift in Sources */ = {isa = PBXBuildFile; fileRef = E819FBFC2042559700F00E4A /* DayPlannerKitTests.swift */; };
		E819FBFF2042559700F00E4A /* DayPlannerKit.h in Headers */ = {isa = PBXBuildFile; fileRef = E819FBF12042559700F00E4A /* DayPlannerKit.h */; settings = {ATTRIBUTES = (Public, ); }; };
		E819FC162042599E00F00E4A /* SQLite.framework in Frameworks */ = {isa = PBXBuildFile; fileRef = E819FC142042599E00F00E4A /* SQLite.framework */; };
		E819FC172042599E00F00E4A /* SQLiteMigrationManager.framework in Frameworks */ = {isa = PBXBuildFile; fileRef = E819FC152042599E00F00E4A /* SQLiteMigrationManager.framework */; };
		E819FC18204259B300F00E4A /* SQLite.framework in CopyFiles */ = {isa = PBXBuildFile; fileRef = E819FC142042599E00F00E4A /* SQLite.framework */; settings = {ATTRIBUTES = (CodeSignOnCopy, RemoveHeadersOnCopy, ); }; };
		E819FC19204259B300F00E4A /* SQLiteMigrationManager.framework in CopyFiles */ = {isa = PBXBuildFile; fileRef = E819FC152042599E00F00E4A /* SQLiteMigrationManager.framework */; settings = {ATTRIBUTES = (CodeSignOnCopy, RemoveHeadersOnCopy, ); }; };
		E819FC1A204259DC00F00E4A /* Migration_2018_02_24_09_26_52_CreateTables.swift in Sources */ = {isa = PBXBuildFile; fileRef = E819FC0F2042562400F00E4A /* Migration_2018_02_24_09_26_52_CreateTables.swift */; };
		E819FC1B204259DC00F00E4A /* Appointment.swift in Sources */ = {isa = PBXBuildFile; fileRef = E819FC0C204255F700F00E4A /* Appointment.swift */; };
		E819FC1C204259DC00F00E4A /* Contact.swift in Sources */ = {isa = PBXBuildFile; fileRef = E819FC0D204255F700F00E4A /* Contact.swift */; };
		E819FC1E204259DC00F00E4A /* SQLitePersistable.swift in Sources */ = {isa = PBXBuildFile; fileRef = E819FC09204255D500F00E4A /* SQLitePersistable.swift */; };
		E819FC1F204259DC00F00E4A /* SQLiteDatabase.swift in Sources */ = {isa = PBXBuildFile; fileRef = E819FC0A204255D500F00E4A /* SQLiteDatabase.swift */; };
		E85BB5A320437F73003D887F /* Migration_2018_02_25_23_32_46_SeedContacts.swift in Sources */ = {isa = PBXBuildFile; fileRef = E85BB5A220437F73003D887F /* Migration_2018_02_25_23_32_46_SeedContacts.swift */; };
		E87816B520425F670096733C /* TimeStampable.swift in Sources */ = {isa = PBXBuildFile; fileRef = E87816B420425F670096733C /* TimeStampable.swift */; };
		E87816BA204266EA0096733C /* Pluralize.swift in Sources */ = {isa = PBXBuildFile; fileRef = E87816B8204266B60096733C /* Pluralize.swift */; };
		E8DB922920442869002BA754 /* Identifiable.swift in Sources */ = {isa = PBXBuildFile; fileRef = E8DB922820442869002BA754 /* Identifiable.swift */; };
/* End PBXBuildFile section */

/* Begin PBXContainerItemProxy section */
		E819FBF92042559700F00E4A /* PBXContainerItemProxy */ = {
			isa = PBXContainerItemProxy;
			containerPortal = E819FBE52042559700F00E4A /* Project object */;
			proxyType = 1;
			remoteGlobalIDString = E819FBED2042559700F00E4A;
			remoteInfo = DayPlannerKit;
		};
/* End PBXContainerItemProxy section */

/* Begin PBXCopyFilesBuildPhase section */
		E819FC122042598500F00E4A /* CopyFiles */ = {
			isa = PBXCopyFilesBuildPhase;
			buildActionMask = 12;
			dstPath = "";
			dstSubfolderSpec = 10;
			files = (
				E819FC18204259B300F00E4A /* SQLite.framework in CopyFiles */,
				E819FC19204259B300F00E4A /* SQLiteMigrationManager.framework in CopyFiles */,
			);
			runOnlyForDeploymentPostprocessing = 0;
		};
/* End PBXCopyFilesBuildPhase section */

/* Begin PBXFileReference section */
		E819FBEE2042559700F00E4A /* DayPlannerKit.framework */ = {isa = PBXFileReference; explicitFileType = wrapper.framework; includeInIndex = 0; path = DayPlannerKit.framework; sourceTree = BUILT_PRODUCTS_DIR; };
		E819FBF12042559700F00E4A /* DayPlannerKit.h */ = {isa = PBXFileReference; lastKnownFileType = sourcecode.c.h; path = DayPlannerKit.h; sourceTree = "<group>"; };
		E819FBF22042559700F00E4A /* Info.plist */ = {isa = PBXFileReference; lastKnownFileType = text.plist.xml; path = Info.plist; sourceTree = "<group>"; };
		E819FBF72042559700F00E4A /* DayPlannerKitTests.xctest */ = {isa = PBXFileReference; explicitFileType = wrapper.cfbundle; includeInIndex = 0; path = DayPlannerKitTests.xctest; sourceTree = BUILT_PRODUCTS_DIR; };
		E819FBFC2042559700F00E4A /* DayPlannerKitTests.swift */ = {isa = PBXFileReference; lastKnownFileType = sourcecode.swift; path = DayPlannerKitTests.swift; sourceTree = "<group>"; };
		E819FBFE2042559700F00E4A /* Info.plist */ = {isa = PBXFileReference; lastKnownFileType = text.plist.xml; path = Info.plist; sourceTree = "<group>"; };
		E819FC09204255D500F00E4A /* SQLitePersistable.swift */ = {isa = PBXFileReference; lastKnownFileType = sourcecode.swift; path = SQLitePersistable.swift; sourceTree = "<group>"; };
		E819FC0A204255D500F00E4A /* SQLiteDatabase.swift */ = {isa = PBXFileReference; lastKnownFileType = sourcecode.swift; path = SQLiteDatabase.swift; sourceTree = "<group>"; };
		E819FC0C204255F700F00E4A /* Appointment.swift */ = {isa = PBXFileReference; lastKnownFileType = sourcecode.swift; path = Appointment.swift; sourceTree = "<group>"; };
		E819FC0D204255F700F00E4A /* Contact.swift */ = {isa = PBXFileReference; lastKnownFileType = sourcecode.swift; path = Contact.swift; sourceTree = "<group>"; };
		E819FC0F2042562400F00E4A /* Migration_2018_02_24_09_26_52_CreateTables.swift */ = {isa = PBXFileReference; fileEncoding = 4; lastKnownFileType = sourcecode.swift; path = Migration_2018_02_24_09_26_52_CreateTables.swift; sourceTree = "<group>"; };
		E819FC142042599E00F00E4A /* SQLite.framework */ = {isa = PBXFileReference; lastKnownFileType = wrapper.framework; name = SQLite.framework; path = ../Carthage/Build/iOS/SQLite.framework; sourceTree = "<group>"; };
		E819FC152042599E00F00E4A /* SQLiteMigrationManager.framework */ = {isa = PBXFileReference; lastKnownFileType = wrapper.framework; name = SQLiteMigrationManager.framework; path = ../Carthage/Build/iOS/SQLiteMigrationManager.framework; sourceTree = "<group>"; };
		E85BB5A220437F73003D887F /* Migration_2018_02_25_23_32_46_SeedContacts.swift */ = {isa = PBXFileReference; lastKnownFileType = sourcecode.swift; path = Migration_2018_02_25_23_32_46_SeedContacts.swift; sourceTree = "<group>"; };
		E87816B420425F670096733C /* TimeStampable.swift */ = {isa = PBXFileReference; lastKnownFileType = sourcecode.swift; path = TimeStampable.swift; sourceTree = "<group>"; };
		E87816B8204266B60096733C /* Pluralize.swift */ = {isa = PBXFileReference; lastKnownFileType = sourcecode.swift; path = Pluralize.swift; sourceTree = "<group>"; };
		E8DB922820442869002BA754 /* Identifiable.swift */ = {isa = PBXFileReference; lastKnownFileType = sourcecode.swift; path = Identifiable.swift; sourceTree = "<group>"; };
/* End PBXFileReference section */

/* Begin PBXFrameworksBuildPhase section */
		E819FBEA2042559700F00E4A /* Frameworks */ = {
			isa = PBXFrameworksBuildPhase;
			buildActionMask = 2147483647;
			files = (
				E819FC162042599E00F00E4A /* SQLite.framework in Frameworks */,
				E819FC172042599E00F00E4A /* SQLiteMigrationManager.framework in Frameworks */,
			);
			runOnlyForDeploymentPostprocessing = 0;
		};
		E819FBF42042559700F00E4A /* Frameworks */ = {
			isa = PBXFrameworksBuildPhase;
			buildActionMask = 2147483647;
			files = (
				E819FBF82042559700F00E4A /* DayPlannerKit.framework in Frameworks */,
			);
			runOnlyForDeploymentPostprocessing = 0;
		};
/* End PBXFrameworksBuildPhase section */

/* Begin PBXGroup section */
		E819FBE42042559700F00E4A = {
			isa = PBXGroup;
			children = (
				E819FBF02042559700F00E4A /* DayPlannerKit */,
				E819FBFB2042559700F00E4A /* DayPlannerKitTests */,
				E819FBEF2042559700F00E4A /* Products */,
				E819FC132042599D00F00E4A /* Frameworks */,
			);
			sourceTree = "<group>";
		};
		E819FBEF2042559700F00E4A /* Products */ = {
			isa = PBXGroup;
			children = (
				E819FBEE2042559700F00E4A /* DayPlannerKit.framework */,
				E819FBF72042559700F00E4A /* DayPlannerKitTests.xctest */,
			);
			name = Products;
			sourceTree = "<group>";
		};
		E819FBF02042559700F00E4A /* DayPlannerKit */ = {
			isa = PBXGroup;
			children = (
				E819FC0E204255F700F00E4A /* Models */,
				E819FC0B204255D500F00E4A /* Persistence */,
				E87816B9204266B60096733C /* Support */,
				E819FBF12042559700F00E4A /* DayPlannerKit.h */,
				E819FBF22042559700F00E4A /* Info.plist */,
			);
			path = DayPlannerKit;
			sourceTree = "<group>";
		};
		E819FBFB2042559700F00E4A /* DayPlannerKitTests */ = {
			isa = PBXGroup;
			children = (
				E819FBFC2042559700F00E4A /* DayPlannerKitTests.swift */,
				E819FBFE2042559700F00E4A /* Info.plist */,
			);
			path = DayPlannerKitTests;
			sourceTree = "<group>";
		};
		E819FC0B204255D500F00E4A /* Persistence */ = {
			isa = PBXGroup;
			children = (
				E85BB5A120437F4C003D887F /* Seeds */,
				E819FC102042562400F00E4A /* Migrations */,
				E819FC09204255D500F00E4A /* SQLitePersistable.swift */,
				E819FC0A204255D500F00E4A /* SQLiteDatabase.swift */,
			);
			path = Persistence;
			sourceTree = "<group>";
		};
		E819FC0E204255F700F00E4A /* Models */ = {
			isa = PBXGroup;
			children = (
				E87816B320425BAE0096733C /* Attributes */,
				E819FC0C204255F700F00E4A /* Appointment.swift */,
				E819FC0D204255F700F00E4A /* Contact.swift */,
			);
			path = Models;
			sourceTree = "<group>";
		};
		E819FC102042562400F00E4A /* Migrations */ = {
			isa = PBXGroup;
			children = (
				E819FC0F2042562400F00E4A /* Migration_2018_02_24_09_26_52_CreateTables.swift */,
			);
			path = Migrations;
			sourceTree = "<group>";
		};
		E819FC132042599D00F00E4A /* Frameworks */ = {
			isa = PBXGroup;
			children = (
				E819FC142042599E00F00E4A /* SQLite.framework */,
				E819FC152042599E00F00E4A /* SQLiteMigrationManager.framework */,
			);
			name = Frameworks;
			sourceTree = "<group>";
		};
		E85BB5A120437F4C003D887F /* Seeds */ = {
			isa = PBXGroup;
			children = (
				E85BB5A220437F73003D887F /* Migration_2018_02_25_23_32_46_SeedContacts.swift */,
			);
			path = Seeds;
			sourceTree = "<group>";
		};
		E87816B320425BAE0096733C /* Attributes */ = {
			isa = PBXGroup;
			children = (
				E87816B420425F670096733C /* TimeStampable.swift */,
				E8DB922820442869002BA754 /* Identifiable.swift */,
			);
			path = Attributes;
			sourceTree = "<group>";
		};
		E87816B9204266B60096733C /* Support */ = {
			isa = PBXGroup;
			children = (
				E87816B8204266B60096733C /* Pluralize.swift */,
			);
			path = Support;
			sourceTree = "<group>";
		};
/* End PBXGroup section */

/* Begin PBXHeadersBuildPhase section */
		E819FBEB2042559700F00E4A /* Headers */ = {
			isa = PBXHeadersBuildPhase;
			buildActionMask = 2147483647;
			files = (
				E819FBFF2042559700F00E4A /* DayPlannerKit.h in Headers */,
			);
			runOnlyForDeploymentPostprocessing = 0;
		};
/* End PBXHeadersBuildPhase section */

/* Begin PBXNativeTarget section */
		E819FBED2042559700F00E4A /* DayPlannerKit */ = {
			isa = PBXNativeTarget;
			buildConfigurationList = E819FC022042559700F00E4A /* Build configuration list for PBXNativeTarget "DayPlannerKit" */;
			buildPhases = (
				E819FBE92042559700F00E4A /* Sources */,
				E819FBEA2042559700F00E4A /* Frameworks */,
				E819FC112042567700F00E4A /* ShellScript */,
				E819FC122042598500F00E4A /* CopyFiles */,
				E819FBEB2042559700F00E4A /* Headers */,
				E819FBEC2042559700F00E4A /* Resources */,
			);
			buildRules = (
			);
			dependencies = (
			);
			name = DayPlannerKit;
			productName = DayPlannerKit;
			productReference = E819FBEE2042559700F00E4A /* DayPlannerKit.framework */;
			productType = "com.apple.product-type.framework";
		};
		E819FBF62042559700F00E4A /* DayPlannerKitTests */ = {
			isa = PBXNativeTarget;
			buildConfigurationList = E819FC052042559700F00E4A /* Build configuration list for PBXNativeTarget "DayPlannerKitTests" */;
			buildPhases = (
				E819FBF32042559700F00E4A /* Sources */,
				E819FBF42042559700F00E4A /* Frameworks */,
				E819FBF52042559700F00E4A /* Resources */,
			);
			buildRules = (
			);
			dependencies = (
				E819FBFA2042559700F00E4A /* PBXTargetDependency */,
			);
			name = DayPlannerKitTests;
			productName = DayPlannerKitTests;
			productReference = E819FBF72042559700F00E4A /* DayPlannerKitTests.xctest */;
			productType = "com.apple.product-type.bundle.unit-test";
		};
/* End PBXNativeTarget section */

/* Begin PBXProject section */
		E819FBE52042559700F00E4A /* Project object */ = {
			isa = PBXProject;
			attributes = {
				LastSwiftUpdateCheck = 0920;
				LastUpgradeCheck = 0920;
				ORGANIZATIONNAME = Nico;
				TargetAttributes = {
					E819FBED2042559700F00E4A = {
						CreatedOnToolsVersion = 9.2;
						ProvisioningStyle = Automatic;
					};
					E819FBF62042559700F00E4A = {
						CreatedOnToolsVersion = 9.2;
						ProvisioningStyle = Automatic;
					};
				};
			};
			buildConfigurationList = E819FBE82042559700F00E4A /* Build configuration list for PBXProject "DayPlannerKit" */;
			compatibilityVersion = "Xcode 8.0";
			developmentRegion = en;
			hasScannedForEncodings = 0;
			knownRegions = (
				en,
			);
			mainGroup = E819FBE42042559700F00E4A;
			productRefGroup = E819FBEF2042559700F00E4A /* Products */;
			projectDirPath = "";
			projectRoot = "";
			targets = (
				E819FBED2042559700F00E4A /* DayPlannerKit */,
				E819FBF62042559700F00E4A /* DayPlannerKitTests */,
			);
		};
/* End PBXProject section */

/* Begin PBXResourcesBuildPhase section */
		E819FBEC2042559700F00E4A /* Resources */ = {
			isa = PBXResourcesBuildPhase;
			buildActionMask = 2147483647;
			files = (
			);
			runOnlyForDeploymentPostprocessing = 0;
		};
		E819FBF52042559700F00E4A /* Resources */ = {
			isa = PBXResourcesBuildPhase;
			buildActionMask = 2147483647;
			files = (
			);
			runOnlyForDeploymentPostprocessing = 0;
		};
/* End PBXResourcesBuildPhase section */

/* Begin PBXShellScriptBuildPhase section */
		E819FC112042567700F00E4A /* ShellScript */ = {
			isa = PBXShellScriptBuildPhase;
			buildActionMask = 8;
			files = (
			);
			inputPaths = (
				"$(SRCROOT)/../Carthage/Build/iOS/SQLite.framework",
				"$(SRCROOT)/../Carthage/Build/iOS/SQLiteMigrationManager.framework",
			);
			outputPaths = (
				"$(DERIVED_FILE_DIR)/$(FRAMEWORKS_FOLDER_DIR)/SQLite.framework",
				"$(DERIVED_FILE_DIR)/$(FRAMEWORKS_FOLDER_DIR)/SQLiteMigrationManager.framework",
			);
			runOnlyForDeploymentPostprocessing = 1;
			shellPath = /bin/sh;
			shellScript = "/usr/local/bin/carthage copy-frameworks";
		};
/* End PBXShellScriptBuildPhase section */

/* Begin PBXSourcesBuildPhase section */
		E819FBE92042559700F00E4A /* Sources */ = {
			isa = PBXSourcesBuildPhase;
			buildActionMask = 2147483647;
			files = (
				E819FC1C204259DC00F00E4A /* Contact.swift in Sources */,
				E819FC1E204259DC00F00E4A /* SQLitePersistable.swift in Sources */,
				E87816BA204266EA0096733C /* Pluralize.swift in Sources */,
				E85BB5A320437F73003D887F /* Migration_2018_02_25_23_32_46_SeedContacts.swift in Sources */,
				E8DB922920442869002BA754 /* Identifiable.swift in Sources */,
				E87816B520425F670096733C /* TimeStampable.swift in Sources */,
				E819FC1F204259DC00F00E4A /* SQLiteDatabase.swift in Sources */,
				E819FC1A204259DC00F00E4A /* Migration_2018_02_24_09_26_52_CreateTables.swift in Sources */,
				E819FC1B204259DC00F00E4A /* Appointment.swift in Sources */,
			);
			runOnlyForDeploymentPostprocessing = 0;
		};
		E819FBF32042559700F00E4A /* Sources */ = {
			isa = PBXSourcesBuildPhase;
			buildActionMask = 2147483647;
			files = (
				E819FBFD2042559700F00E4A /* DayPlannerKitTests.swift in Sources */,
			);
			runOnlyForDeploymentPostprocessing = 0;
		};
/* End PBXSourcesBuildPhase section */

/* Begin PBXTargetDependency section */
		E819FBFA2042559700F00E4A /* PBXTargetDependency */ = {
			isa = PBXTargetDependency;
			target = E819FBED2042559700F00E4A /* DayPlannerKit */;
			targetProxy = E819FBF92042559700F00E4A /* PBXContainerItemProxy */;
		};
/* End PBXTargetDependency section */

/* Begin XCBuildConfiguration section */
		E819FC002042559700F00E4A /* Debug */ = {
			isa = XCBuildConfiguration;
			buildSettings = {
				ALWAYS_SEARCH_USER_PATHS = NO;
				CLANG_ANALYZER_NONNULL = YES;
				CLANG_ANALYZER_NUMBER_OBJECT_CONVERSION = YES_AGGRESSIVE;
				CLANG_CXX_LANGUAGE_STANDARD = "gnu++14";
				CLANG_CXX_LIBRARY = "libc++";
				CLANG_ENABLE_MODULES = YES;
				CLANG_ENABLE_OBJC_ARC = YES;
				CLANG_WARN_BLOCK_CAPTURE_AUTORELEASING = YES;
				CLANG_WARN_BOOL_CONVERSION = YES;
				CLANG_WARN_COMMA = YES;
				CLANG_WARN_CONSTANT_CONVERSION = YES;
				CLANG_WARN_DIRECT_OBJC_ISA_USAGE = YES_ERROR;
				CLANG_WARN_DOCUMENTATION_COMMENTS = YES;
				CLANG_WARN_EMPTY_BODY = YES;
				CLANG_WARN_ENUM_CONVERSION = YES;
				CLANG_WARN_INFINITE_RECURSION = YES;
				CLANG_WARN_INT_CONVERSION = YES;
				CLANG_WARN_NON_LITERAL_NULL_CONVERSION = YES;
				CLANG_WARN_OBJC_LITERAL_CONVERSION = YES;
				CLANG_WARN_OBJC_ROOT_CLASS = YES_ERROR;
				CLANG_WARN_RANGE_LOOP_ANALYSIS = YES;
				CLANG_WARN_STRICT_PROTOTYPES = YES;
				CLANG_WARN_SUSPICIOUS_MOVE = YES;
				CLANG_WARN_UNGUARDED_AVAILABILITY = YES_AGGRESSIVE;
				CLANG_WARN_UNREACHABLE_CODE = YES;
				CLANG_WARN__DUPLICATE_METHOD_MATCH = YES;
				CODE_SIGN_IDENTITY = "iPhone Developer";
				COPY_PHASE_STRIP = NO;
				CURRENT_PROJECT_VERSION = 1;
				DEBUG_INFORMATION_FORMAT = dwarf;
				ENABLE_STRICT_OBJC_MSGSEND = YES;
				ENABLE_TESTABILITY = YES;
				FRAMEWORK_SEARCH_PATHS = "$(SRCROOT)/../Carthage/Build/iOS";
				GCC_C_LANGUAGE_STANDARD = gnu11;
				GCC_DYNAMIC_NO_PIC = NO;
				GCC_NO_COMMON_BLOCKS = YES;
				GCC_OPTIMIZATION_LEVEL = 0;
				GCC_PREPROCESSOR_DEFINITIONS = (
					"DEBUG=1",
					"$(inherited)",
				);
				GCC_WARN_64_TO_32_BIT_CONVERSION = YES;
				GCC_WARN_ABOUT_RETURN_TYPE = YES_ERROR;
				GCC_WARN_UNDECLARED_SELECTOR = YES;
				GCC_WARN_UNINITIALIZED_AUTOS = YES_AGGRESSIVE;
				GCC_WARN_UNUSED_FUNCTION = YES;
				GCC_WARN_UNUSED_VARIABLE = YES;
				IPHONEOS_DEPLOYMENT_TARGET = 11.2;
				LD_RUNPATH_SEARCH_PATHS = "$(inherited) @executable_path/Frameworks @loader_path/Frameworks";
				MTL_ENABLE_DEBUG_INFO = YES;
				ONLY_ACTIVE_ARCH = YES;
				SDKROOT = iphoneos;
				SWIFT_ACTIVE_COMPILATION_CONDITIONS = DEBUG;
				SWIFT_OPTIMIZATION_LEVEL = "-Onone";
				VERSIONING_SYSTEM = "apple-generic";
				VERSION_INFO_PREFIX = "";
			};
			name = Debug;
		};
		E819FC012042559700F00E4A /* Release */ = {
			isa = XCBuildConfiguration;
			buildSettings = {
				ALWAYS_SEARCH_USER_PATHS = NO;
				CLANG_ANALYZER_NONNULL = YES;
				CLANG_ANALYZER_NUMBER_OBJECT_CONVERSION = YES_AGGRESSIVE;
				CLANG_CXX_LANGUAGE_STANDARD = "gnu++14";
				CLANG_CXX_LIBRARY = "libc++";
				CLANG_ENABLE_MODULES = YES;
				CLANG_ENABLE_OBJC_ARC = YES;
				CLANG_WARN_BLOCK_CAPTURE_AUTORELEASING = YES;
				CLANG_WARN_BOOL_CONVERSION = YES;
				CLANG_WARN_COMMA = YES;
				CLANG_WARN_CONSTANT_CONVERSION = YES;
				CLANG_WARN_DIRECT_OBJC_ISA_USAGE = YES_ERROR;
				CLANG_WARN_DOCUMENTATION_COMMENTS = YES;
				CLANG_WARN_EMPTY_BODY = YES;
				CLANG_WARN_ENUM_CONVERSION = YES;
				CLANG_WARN_INFINITE_RECURSION = YES;
				CLANG_WARN_INT_CONVERSION = YES;
				CLANG_WARN_NON_LITERAL_NULL_CONVERSION = YES;
				CLANG_WARN_OBJC_LITERAL_CONVERSION = YES;
				CLANG_WARN_OBJC_ROOT_CLASS = YES_ERROR;
				CLANG_WARN_RANGE_LOOP_ANALYSIS = YES;
				CLANG_WARN_STRICT_PROTOTYPES = YES;
				CLANG_WARN_SUSPICIOUS_MOVE = YES;
				CLANG_WARN_UNGUARDED_AVAILABILITY = YES_AGGRESSIVE;
				CLANG_WARN_UNREACHABLE_CODE = YES;
				CLANG_WARN__DUPLICATE_METHOD_MATCH = YES;
				CODE_SIGN_IDENTITY = "iPhone Developer";
				COPY_PHASE_STRIP = NO;
				CURRENT_PROJECT_VERSION = 1;
				DEBUG_INFORMATION_FORMAT = "dwarf-with-dsym";
				ENABLE_NS_ASSERTIONS = NO;
				ENABLE_STRICT_OBJC_MSGSEND = YES;
				FRAMEWORK_SEARCH_PATHS = "$(SRCROOT)/../Carthage/Build/iOS";
				GCC_C_LANGUAGE_STANDARD = gnu11;
				GCC_NO_COMMON_BLOCKS = YES;
				GCC_WARN_64_TO_32_BIT_CONVERSION = YES;
				GCC_WARN_ABOUT_RETURN_TYPE = YES_ERROR;
				GCC_WARN_UNDECLARED_SELECTOR = YES;
				GCC_WARN_UNINITIALIZED_AUTOS = YES_AGGRESSIVE;
				GCC_WARN_UNUSED_FUNCTION = YES;
				GCC_WARN_UNUSED_VARIABLE = YES;
				IPHONEOS_DEPLOYMENT_TARGET = 11.2;
				LD_RUNPATH_SEARCH_PATHS = "$(inherited) @executable_path/Frameworks @loader_path/Frameworks";
				MTL_ENABLE_DEBUG_INFO = NO;
				SDKROOT = iphoneos;
				SWIFT_OPTIMIZATION_LEVEL = "-Owholemodule";
				VALIDATE_PRODUCT = YES;
				VERSIONING_SYSTEM = "apple-generic";
				VERSION_INFO_PREFIX = "";
			};
			name = Release;
		};
		E819FC032042559700F00E4A /* Debug */ = {
			isa = XCBuildConfiguration;
			buildSettings = {
				CODE_SIGN_IDENTITY = "";
				CODE_SIGN_STYLE = Automatic;
				DEFINES_MODULE = YES;
				DEVELOPMENT_TEAM = D82YXVJWMT;
				DYLIB_COMPATIBILITY_VERSION = 1;
				DYLIB_CURRENT_VERSION = 1;
				DYLIB_INSTALL_NAME_BASE = "@rpath";
				INFOPLIST_FILE = DayPlannerKit/Info.plist;
				INSTALL_PATH = "$(LOCAL_LIBRARY_DIR)/Frameworks";
				LD_RUNPATH_SEARCH_PATHS = "$(inherited) @executable_path/Frameworks @loader_path/Frameworks";
				PRODUCT_BUNDLE_IDENTIFIER = com.nicholasspencer.DayPlannerKit;
				PRODUCT_NAME = "$(TARGET_NAME:c99extidentifier)";
				SKIP_INSTALL = YES;
				SWIFT_VERSION = 4.0;
				TARGETED_DEVICE_FAMILY = "1,2";
			};
			name = Debug;
		};
		E819FC042042559700F00E4A /* Release */ = {
			isa = XCBuildConfiguration;
			buildSettings = {
				CODE_SIGN_IDENTITY = "";
				CODE_SIGN_STYLE = Automatic;
				DEFINES_MODULE = YES;
				DEVELOPMENT_TEAM = D82YXVJWMT;
				DYLIB_COMPATIBILITY_VERSION = 1;
				DYLIB_CURRENT_VERSION = 1;
				DYLIB_INSTALL_NAME_BASE = "@rpath";
				INFOPLIST_FILE = DayPlannerKit/Info.plist;
				INSTALL_PATH = "$(LOCAL_LIBRARY_DIR)/Frameworks";
				LD_RUNPATH_SEARCH_PATHS = "$(inherited) @executable_path/Frameworks @loader_path/Frameworks";
				PRODUCT_BUNDLE_IDENTIFIER = com.nicholasspencer.DayPlannerKit;
				PRODUCT_NAME = "$(TARGET_NAME:c99extidentifier)";
				SKIP_INSTALL = YES;
				SWIFT_VERSION = 4.0;
				TARGETED_DEVICE_FAMILY = "1,2";
			};
			name = Release;
		};
		E819FC062042559700F00E4A /* Debug */ = {
			isa = XCBuildConfiguration;
			buildSettings = {
				ALWAYS_EMBED_SWIFT_STANDARD_LIBRARIES = YES;
				CODE_SIGN_STYLE = Automatic;
				DEVELOPMENT_TEAM = D82YXVJWMT;
				INFOPLIST_FILE = DayPlannerKitTests/Info.plist;
				LD_RUNPATH_SEARCH_PATHS = "$(inherited) @executable_path/Frameworks @loader_path/Frameworks";
				PRODUCT_BUNDLE_IDENTIFIER = com.nicholasspencer.DayPlannerKitTests;
				PRODUCT_NAME = "$(TARGET_NAME)";
				SWIFT_VERSION = 4.0;
				TARGETED_DEVICE_FAMILY = "1,2";
			};
			name = Debug;
		};
		E819FC072042559700F00E4A /* Release */ = {
			isa = XCBuildConfiguration;
			buildSettings = {
				ALWAYS_EMBED_SWIFT_STANDARD_LIBRARIES = YES;
				CODE_SIGN_STYLE = Automatic;
				DEVELOPMENT_TEAM = D82YXVJWMT;
				INFOPLIST_FILE = DayPlannerKitTests/Info.plist;
				LD_RUNPATH_SEARCH_PATHS = "$(inherited) @executable_path/Frameworks @loader_path/Frameworks";
				PRODUCT_BUNDLE_IDENTIFIER = com.nicholasspencer.DayPlannerKitTests;
				PRODUCT_NAME = "$(TARGET_NAME)";
				SWIFT_VERSION = 4.0;
				TARGETED_DEVICE_FAMILY = "1,2";
			};
			name = Release;
		};
/* End XCBuildConfiguration section */

/* Begin XCConfigurationList section */
		E819FBE82042559700F00E4A /* Build configuration list for PBXProject "DayPlannerKit" */ = {
			isa = XCConfigurationList;
			buildConfigurations = (
				E819FC002042559700F00E4A /* Debug */,
				E819FC012042559700F00E4A /* Release */,
			);
			defaultConfigurationIsVisible = 0;
			defaultConfigurationName = Release;
		};
		E819FC022042559700F00E4A /* Build configuration list for PBXNativeTarget "DayPlannerKit" */ = {
			isa = XCConfigurationList;
			buildConfigurations = (
				E819FC032042559700F00E4A /* Debug */,
				E819FC042042559700F00E4A /* Release */,
			);
			defaultConfigurationIsVisible = 0;
			defaultConfigurationName = Release;
		};
		E819FC052042559700F00E4A /* Build configuration list for PBXNativeTarget "DayPlannerKitTests" */ = {
			isa = XCConfigurationList;
			buildConfigurations = (
				E819FC062042559700F00E4A /* Debug */,
				E819FC072042559700F00E4A /* Release */,
			);
			defaultConfigurationIsVisible = 0;
			defaultConfigurationName = Release;
		};
/* End XCConfigurationList section */
	};
	rootObject = E819FBE52042559700F00E4A /* Project object */;
}
